github.com/hdget/utils v0.2.4 h1:2mn8ufRa4aXxwf0zoG1OGwgTg4Cpy/qd5xqRJ2AqPMs=
github.com/hdget/utils v0.2.4/go.mod h1:rMhGWc6ReCUt/U3WNEwej93fRpRJHtaahQ+bJblcSJQ=
github.com/pkg/errors v0.9.1 h1:FEBLx1zS214owpjy7qsBeixbURkuhQAwrK5UwLGTwt4=
github.com/pkg/errors v0.9.1/go.mod h1:bwawxfHBFNV+L2hUp1rHADufV3IMtnDRdf1r5NINEl0=
